
Microsoft Visual Studio Solution File, Format Version 12.00
# Visual Studio 15
VisualStudioVersion = 15.0.28307.645
MinimumVisualStudioVersion = 10.0.40219.1
Project("{8BC9CEB8-8B4A-11D0-8D11-00A0C91BC942}") = "DX12", "DX12\DX12.vcxproj", "{1BCCD019-2D35-4C0D-9505-D595291A24C2}"
EndProject
Global
	GlobalSection(SolutionConfigurationPlatforms) = preSolution
		Debug|x64 = Debug|x64
		Debug|x86 = Debug|x86
		Release|x64 = Release|x64
		Release|x86 = Release|x86
	EndGlobalSection
	GlobalSection(ProjectConfigurationPlatforms) = postSolution
		{1BCCD019-2D35-4C0D-9505-D595291A24C2}.Debug|x64.ActiveCfg = Debug|x64
		{1BCCD019-2D35-4C0D-9505-D595291A24C2}.Debug|x64.Build.0 = Debug|x64
		{1BCCD019-2D35-4C0D-9505-D595291A24C2}.Debug|x86.ActiveCfg = Debug|Win32
		{1BCCD019-2D35-4C0D-9505-D595291A24C2}.Debug|x86.Build.0 = Debug|Win32
		{1BCCD019-2D35-4C0D-9505-D595291A24C2}.Release|x64.ActiveCfg = Release|x64
		{1BCCD019-2D35-4C0D-9505-D595291A24C2}.Release|x64.Build.0 = Release|x64
		{1BCCD019-2D35-4C0D-9505-D595291A24C2}.Release|x86.ActiveCfg = Release|Win32
		{1BCCD019-2D35-4C0D-9505-D595291A24C2}.Release|x86.Build.0 = Release|Win32
	EndGlobalSection
	GlobalSection(SolutionProperties) = preSolution
		HideSolutionNode = FALSE
	EndGlobalSection
	GlobalSection(ExtensibilityGlobals) = postSolution
		SolutionGuid = {2A7306F7-07CC-4B0A-BB50-05B3B9C4F9AC}
	EndGlobalSection
EndGlobal
